
Microsoft Visual Studio Solution File, Format Version 12.00
# Visual Studio Version 17
VisualStudioVersion = 17.14.36414.22
MinimumVisualStudioVersion = 10.0.40219.1
Project("{C7167F0D-BC9F-4E6E-AFE1-012C56B48DB5}") = "WinNewsWire (Package)", "WinNewsWire\WinNewsWire (Package)\WinNewsWire (Package).wapproj", "{5A8A761C-BFF3-43CE-9ABF-264505019E66}"
EndProject
Project("{FAE04EC0-301F-11D3-BF4B-00C04F79EFBC}") = "WinNewsWire", "WinNewsWire\WinNewsWire\WinNewsWire.csproj", "{8DE5CE59-AE00-468E-945A-22DC56AF49B3}"
EndProject
Project("{2150E333-8FDC-42A3-9474-1A3956D46DE8}") = "Modules", "Modules", "{E808DCC6-2AF3-4CAE-207E-4627369C923B}"
EndProject
Project("{FAE04EC0-301F-11D3-BF4B-00C04F79EFBC}") = "Parsers", "WinNewsWire\Modules\Parsers\Parsers.csproj", "{FBDB7720-DE54-4EFE-8E35-3A32244D235A}"
EndProject
Project("{FAE04EC0-301F-11D3-BF4B-00C04F79EFBC}") = "Parsers.Tests", "Tests\Parsers.Tests\Parsers.Tests.csproj", "{3CF450EF-496F-4835-8558-F30DACA6491C}"
EndProject
Project("{FAE04EC0-301F-11D3-BF4B-00C04F79EFBC}") = "Core", "WinNewsWire\Modules\Core\Core.csproj", "{1C142592-AB28-4FE1-ACFF-FA93563B8856}"
EndProject
Project("{FAE04EC0-301F-11D3-BF4B-00C04F79EFBC}") = "Database", "WinNewsWire\Modules\Database\Database.csproj", "{D3301325-1278-442F-B2B1-FA20A5480AF9}"
EndProject
Project("{FAE04EC0-301F-11D3-BF4B-00C04F79EFBC}") = "Web", "WinNewsWire\Modules\Web\Web.csproj", "{0F0D9C10-2EDD-46C7-AE8E-757D52422D69}"
EndProject
Project("{FAE04EC0-301F-11D3-BF4B-00C04F79EFBC}") = "Articles", "WinNewsWire\Modules\Articles\Articles.csproj", "{95AD8AE0-7D70-498F-BF85-857ED4256774}"
EndProject
Project("{FAE04EC0-301F-11D3-BF4B-00C04F79EFBC}") = "ArticlesDatabase", "WinNewsWire\Modules\ArticlesDatabase\ArticlesDatabase.csproj", "{02E999F2-1FB0-48BA-BEEB-560A8F5FF349}"
EndProject
Project("{FAE04EC0-301F-11D3-BF4B-00C04F79EFBC}") = "SyncDatabase", "WinNewsWire\Modules\SyncDatabase\SyncDatabase.csproj", "{0E37AE9B-8E93-4F65-97A0-376C07EC3F2A}"
EndProject
Project("{FAE04EC0-301F-11D3-BF4B-00C04F79EFBC}") = "FeedFinder", "WinNewsWire\Modules\FeedFinder\FeedFinder.csproj", "{6571AF2A-69C6-4AAF-8318-41A9251FF04D}"
EndProject
Project("{FAE04EC0-301F-11D3-BF4B-00C04F79EFBC}") = "Secrets", "WinNewsWire\Modules\Secrets\Secrets.csproj", "{6BEB9CA7-482F-426C-A304-E1CFAC3EB712}"
EndProject
Project("{FAE04EC0-301F-11D3-BF4B-00C04F79EFBC}") = "ErrorLog", "WinNewsWire\Modules\ErrorLog\ErrorLog.csproj", "{E7383592-18CC-49D3-9BA5-39B77EC53EED}"
EndProject
Project("{FAE04EC0-301F-11D3-BF4B-00C04F79EFBC}") = "Tree", "WinNewsWire\Modules\Tree\Tree.csproj", "{38B3309E-A9EF-4FF6-9D52-C32B711928DF}"
EndProject
Project("{FAE04EC0-301F-11D3-BF4B-00C04F79EFBC}") = "Account", "WinNewsWire\Modules\Account\Account.csproj", "{E550BB9C-939E-4BAC-9326-EE92A33DC5EB}"
EndProject
Project("{2150E333-8FDC-42A3-9474-1A3956D46DE8}") = "Tests", "Tests", "{0AB3BF05-4346-4AA6-1389-037BE0695223}"
EndProject
Project("{FAE04EC0-301F-11D3-BF4B-00C04F79EFBC}") = "Core.Tests", "Tests\Core.Tests\Core.Tests.csproj", "{BF21164F-1D83-4FE7-8C62-6E721E11BB3E}"
EndProject
Project("{FAE04EC0-301F-11D3-BF4B-00C04F79EFBC}") = "AppShared", "WinNewsWire\Modules\AppShared\AppShared.csproj", "{2734842F-0C22-472E-A6FD-D248EAAAB916}"
EndProject
Project("{FAE04EC0-301F-11D3-BF4B-00C04F79EFBC}") = "AppShared.Tests", "Tests\AppShared.Tests\AppShared.Tests.csproj", "{C4F15CCA-632D-4E3D-8ACC-9284D8AC6E8D}"
EndProject
Project("{FAE04EC0-301F-11D3-BF4B-00C04F79EFBC}") = "Web.Tests", "Tests\Web.Tests\Web.Tests.csproj", "{C492D212-9D26-4237-A1E5-2B6E3BFE0A42}"
EndProject
Project("{2150E333-8FDC-42A3-9474-1A3956D46DE8}") = "Modules", "Modules", "{CA253913-39DE-BFD0-C9A3-4B7EC6FBDF17}"
EndProject
Project("{FAE04EC0-301F-11D3-BF4B-00C04F79EFBC}") = "Markdown", "WinNewsWire\Modules\Markdown\Markdown.csproj", "{08241DBF-7D16-4357-AB7E-A088C593A5E2}"
EndProject
Project("{FAE04EC0-301F-11D3-BF4B-00C04F79EFBC}") = "Feedbin", "WinNewsWire\Modules\Feedbin\Feedbin.csproj", "{C7CF509C-F4ED-40CD-BD02-DCE268A13FE6}"
EndProject
Project("{FAE04EC0-301F-11D3-BF4B-00C04F79EFBC}") = "Feedly", "WinNewsWire\Modules\Feedly\Feedly.csproj", "{58CED45C-030A-4734-89DE-D687F959790F}"
EndProject
Project("{FAE04EC0-301F-11D3-BF4B-00C04F79EFBC}") = "NewsBlur", "WinNewsWire\Modules\NewsBlur\NewsBlur.csproj", "{AB702596-B9D9-4A17-A5FF-0044147E373B}"
EndProject
Project("{FAE04EC0-301F-11D3-BF4B-00C04F79EFBC}") = "ReaderAPI", "WinNewsWire\Modules\ReaderAPI\ReaderAPI.csproj", "{103397A6-F6C3-4258-8502-2FDCD46C09E6}"
EndProject
Project("{FAE04EC0-301F-11D3-BF4B-00C04F79EFBC}") = "RemoteAccounts.Tests", "Tests\RemoteAccounts.Tests\RemoteAccounts.Tests.csproj", "{9298152D-E2A0-4B5E-8562-B48AD3B23AB1}"
EndProject
Project("{FAE04EC0-301F-11D3-BF4B-00C04F79EFBC}") = "ErrorLog.Tests", "Tests\ErrorLog.Tests\ErrorLog.Tests.csproj", "{30D21F20-02D2-4CFD-8509-3B13A2B911CD}"
EndProject
Project("{FAE04EC0-301F-11D3-BF4B-00C04F79EFBC}") = "ArticlesDatabase.Tests", "Tests\ArticlesDatabase.Tests\ArticlesDatabase.Tests.csproj", "{7FEB55E4-F4B8-4165-BFD3-B4195C4995DF}"
EndProject
Global
	GlobalSection(SolutionConfigurationPlatforms) = preSolution
		Debug|Any CPU = Debug|Any CPU
		Debug|ARM64 = Debug|ARM64
		Debug|x64 = Debug|x64
		Debug|x86 = Debug|x86
		Release|Any CPU = Release|Any CPU
		Release|ARM64 = Release|ARM64
		Release|x64 = Release|x64
		Release|x86 = Release|x86
	EndGlobalSection
	GlobalSection(ProjectConfigurationPlatforms) = postSolution
		{5A8A761C-BFF3-43CE-9ABF-264505019E66}.Debug|Any CPU.ActiveCfg = Debug|Any CPU
		{5A8A761C-BFF3-43CE-9ABF-264505019E66}.Debug|Any CPU.Build.0 = Debug|Any CPU
		{5A8A761C-BFF3-43CE-9ABF-264505019E66}.Debug|ARM64.ActiveCfg = Debug|ARM64
		{5A8A761C-BFF3-43CE-9ABF-264505019E66}.Debug|ARM64.Build.0 = Debug|ARM64
		{5A8A761C-BFF3-43CE-9ABF-264505019E66}.Debug|ARM64.Deploy.0 = Debug|ARM64
		{5A8A761C-BFF3-43CE-9ABF-264505019E66}.Debug|x64.ActiveCfg = Debug|x64
		{5A8A761C-BFF3-43CE-9ABF-264505019E66}.Debug|x64.Build.0 = Debug|x64
		{5A8A761C-BFF3-43CE-9ABF-264505019E66}.Debug|x64.Deploy.0 = Debug|x64
		{5A8A761C-BFF3-43CE-9ABF-264505019E66}.Debug|x86.ActiveCfg = Debug|x86
		{5A8A761C-BFF3-43CE-9ABF-264505019E66}.Debug|x86.Build.0 = Debug|x86
		{5A8A761C-BFF3-43CE-9ABF-264505019E66}.Debug|x86.Deploy.0 = Debug|x86
		{5A8A761C-BFF3-43CE-9ABF-264505019E66}.Release|Any CPU.ActiveCfg = Release|Any CPU
		{5A8A761C-BFF3-43CE-9ABF-264505019E66}.Release|Any CPU.Build.0 = Release|Any CPU
		{5A8A761C-BFF3-43CE-9ABF-264505019E66}.Release|ARM64.ActiveCfg = Release|ARM64
		{5A8A761C-BFF3-43CE-9ABF-264505019E66}.Release|ARM64.Build.0 = Release|ARM64
		{5A8A761C-BFF3-43CE-9ABF-264505019E66}.Release|ARM64.Deploy.0 = Release|ARM64
		{5A8A761C-BFF3-43CE-9ABF-264505019E66}.Release|x64.ActiveCfg = Release|x64
		{5A8A761C-BFF3-43CE-9ABF-264505019E66}.Release|x64.Build.0 = Release|x64
		{5A8A761C-BFF3-43CE-9ABF-264505019E66}.Release|x64.Deploy.0 = Release|x64
		{5A8A761C-BFF3-43CE-9ABF-264505019E66}.Release|x86.ActiveCfg = Release|x86
		{5A8A761C-BFF3-43CE-9ABF-264505019E66}.Release|x86.Build.0 = Release|x86
		{5A8A761C-BFF3-43CE-9ABF-264505019E66}.Release|x86.Deploy.0 = Release|x86
		{8DE5CE59-AE00-468E-945A-22DC56AF49B3}.Debug|Any CPU.ActiveCfg = Debug|Any CPU
		{8DE5CE59-AE00-468E-945A-22DC56AF49B3}.Debug|Any CPU.Build.0 = Debug|Any CPU
		{8DE5CE59-AE00-468E-945A-22DC56AF49B3}.Debug|ARM64.ActiveCfg = Debug|ARM64
		{8DE5CE59-AE00-468E-945A-22DC56AF49B3}.Debug|ARM64.Build.0 = Debug|ARM64
		{8DE5CE59-AE00-468E-945A-22DC56AF49B3}.Debug|x64.ActiveCfg = Debug|x64
		{8DE5CE59-AE00-468E-945A-22DC56AF49B3}.Debug|x64.Build.0 = Debug|x64
		{8DE5CE59-AE00-468E-945A-22DC56AF49B3}.Debug|x86.ActiveCfg = Debug|x86
		{8DE5CE59-AE00-468E-945A-22DC56AF49B3}.Debug|x86.Build.0 = Debug|x86
		{8DE5CE59-AE00-468E-945A-22DC56AF49B3}.Release|Any CPU.ActiveCfg = Release|Any CPU
		{8DE5CE59-AE00-468E-945A-22DC56AF49B3}.Release|Any CPU.Build.0 = Release|Any CPU
		{8DE5CE59-AE00-468E-945A-22DC56AF49B3}.Release|ARM64.ActiveCfg = Release|ARM64
		{8DE5CE59-AE00-468E-945A-22DC56AF49B3}.Release|ARM64.Build.0 = Release|ARM64
		{8DE5CE59-AE00-468E-945A-22DC56AF49B3}.Release|x64.ActiveCfg = Release|x64
		{8DE5CE59-AE00-468E-945A-22DC56AF49B3}.Release|x64.Build.0 = Release|x64
		{8DE5CE59-AE00-468E-945A-22DC56AF49B3}.Release|x86.ActiveCfg = Release|x86
		{8DE5CE59-AE00-468E-945A-22DC56AF49B3}.Release|x86.Build.0 = Release|x86
		{FBDB7720-DE54-4EFE-8E35-3A32244D235A}.Debug|Any CPU.ActiveCfg = Debug|Any CPU
		{FBDB7720-DE54-4EFE-8E35-3A32244D235A}.Debug|Any CPU.Build.0 = Debug|Any CPU
		{FBDB7720-DE54-4EFE-8E35-3A32244D235A}.Debug|ARM64.ActiveCfg = Debug|Any CPU
		{FBDB7720-DE54-4EFE-8E35-3A32244D235A}.Debug|ARM64.Build.0 = Debug|Any CPU
		{FBDB7720-DE54-4EFE-8E35-3A32244D235A}.Debug|x64.ActiveCfg = Debug|Any CPU
		{FBDB7720-DE54-4EFE-8E35-3A32244D235A}.Debug|x64.Build.0 = Debug|Any CPU
		{FBDB7720-DE54-4EFE-8E35-3A32244D235A}.Debug|x86.ActiveCfg = Debug|Any CPU
		{FBDB7720-DE54-4EFE-8E35-3A32244D235A}.Debug|x86.Build.0 = Debug|Any CPU
		{FBDB7720-DE54-4EFE-8E35-3A32244D235A}.Release|Any CPU.ActiveCfg = Release|Any CPU
		{FBDB7720-DE54-4EFE-8E35-3A32244D235A}.Release|Any CPU.Build.0 = Release|Any CPU
		{FBDB7720-DE54-4EFE-8E35-3A32244D235A}.Release|ARM64.ActiveCfg = Release|Any CPU
		{FBDB7720-DE54-4EFE-8E35-3A32244D235A}.Release|ARM64.Build.0 = Release|Any CPU
		{FBDB7720-DE54-4EFE-8E35-3A32244D235A}.Release|x64.ActiveCfg = Release|Any CPU
		{FBDB7720-DE54-4EFE-8E35-3A32244D235A}.Release|x64.Build.0 = Release|Any CPU
		{FBDB7720-DE54-4EFE-8E35-3A32244D235A}.Release|x86.ActiveCfg = Release|Any CPU
		{FBDB7720-DE54-4EFE-8E35-3A32244D235A}.Release|x86.Build.0 = Release|Any CPU
		{3CF450EF-496F-4835-8558-F30DACA6491C}.Debug|Any CPU.ActiveCfg = Debug|Any CPU
		{3CF450EF-496F-4835-8558-F30DACA6491C}.Debug|Any CPU.Build.0 = Debug|Any CPU
		{3CF450EF-496F-4835-8558-F30DACA6491C}.Debug|ARM64.ActiveCfg = Debug|Any CPU
		{3CF450EF-496F-4835-8558-F30DACA6491C}.Debug|ARM64.Build.0 = Debug|Any CPU
		{3CF450EF-496F-4835-8558-F30DACA6491C}.Debug|x64.ActiveCfg = Debug|Any CPU
		{3CF450EF-496F-4835-8558-F30DACA6491C}.Debug|x64.Build.0 = Debug|Any CPU
		{3CF450EF-496F-4835-8558-F30DACA6491C}.Debug|x86.ActiveCfg = Debug|Any CPU
		{3CF450EF-496F-4835-8558-F30DACA6491C}.Debug|x86.Build.0 = Debug|Any CPU
		{3CF450EF-496F-4835-8558-F30DACA6491C}.Release|Any CPU.ActiveCfg = Release|Any CPU
		{3CF450EF-496F-4835-8558-F30DACA6491C}.Release|Any CPU.Build.0 = Release|Any CPU
		{3CF450EF-496F-4835-8558-F30DACA6491C}.Release|ARM64.ActiveCfg = Release|Any CPU
		{3CF450EF-496F-4835-8558-F30DACA6491C}.Release|ARM64.Build.0 = Release|Any CPU
		{3CF450EF-496F-4835-8558-F30DACA6491C}.Release|x64.ActiveCfg = Release|Any CPU
		{3CF450EF-496F-4835-8558-F30DACA6491C}.Release|x64.Build.0 = Release|Any CPU
		{3CF450EF-496F-4835-8558-F30DACA6491C}.Release|x86.ActiveCfg = Release|Any CPU
		{3CF450EF-496F-4835-8558-F30DACA6491C}.Release|x86.Build.0 = Release|Any CPU
		{1C142592-AB28-4FE1-ACFF-FA93563B8856}.Debug|Any CPU.ActiveCfg = Debug|Any CPU
		{1C142592-AB28-4FE1-ACFF-FA93563B8856}.Debug|Any CPU.Build.0 = Debug|Any CPU
		{1C142592-AB28-4FE1-ACFF-FA93563B8856}.Debug|ARM64.ActiveCfg = Debug|Any CPU
		{1C142592-AB28-4FE1-ACFF-FA93563B8856}.Debug|ARM64.Build.0 = Debug|Any CPU
		{1C142592-AB28-4FE1-ACFF-FA93563B8856}.Debug|x64.ActiveCfg = Debug|Any CPU
		{1C142592-AB28-4FE1-ACFF-FA93563B8856}.Debug|x64.Build.0 = Debug|Any CPU
		{1C142592-AB28-4FE1-ACFF-FA93563B8856}.Debug|x86.ActiveCfg = Debug|Any CPU
		{1C142592-AB28-4FE1-ACFF-FA93563B8856}.Debug|x86.Build.0 = Debug|Any CPU
		{1C142592-AB28-4FE1-ACFF-FA93563B8856}.Release|Any CPU.ActiveCfg = Release|Any CPU
		{1C142592-AB28-4FE1-ACFF-FA93563B8856}.Release|Any CPU.Build.0 = Release|Any CPU
		{1C142592-AB28-4FE1-ACFF-FA93563B8856}.Release|ARM64.ActiveCfg = Release|Any CPU
		{1C142592-AB28-4FE1-ACFF-FA93563B8856}.Release|ARM64.Build.0 = Release|Any CPU
		{1C142592-AB28-4FE1-ACFF-FA93563B8856}.Release|x64.ActiveCfg = Release|Any CPU
		{1C142592-AB28-4FE1-ACFF-FA93563B8856}.Release|x64.Build.0 = Release|Any CPU
		{1C142592-AB28-4FE1-ACFF-FA93563B8856}.Release|x86.ActiveCfg = Release|Any CPU
		{1C142592-AB28-4FE1-ACFF-FA93563B8856}.Release|x86.Build.0 = Release|Any CPU
		{D3301325-1278-442F-B2B1-FA20A5480AF9}.Debug|Any CPU.ActiveCfg = Debug|Any CPU
		{D3301325-1278-442F-B2B1-FA20A5480AF9}.Debug|Any CPU.Build.0 = Debug|Any CPU
		{D3301325-1278-442F-B2B1-FA20A5480AF9}.Debug|ARM64.ActiveCfg = Debug|Any CPU
		{D3301325-1278-442F-B2B1-FA20A5480AF9}.Debug|ARM64.Build.0 = Debug|Any CPU
		{D3301325-1278-442F-B2B1-FA20A5480AF9}.Debug|x64.ActiveCfg = Debug|Any CPU
		{D3301325-1278-442F-B2B1-FA20A5480AF9}.Debug|x64.Build.0 = Debug|Any CPU
		{D3301325-1278-442F-B2B1-FA20A5480AF9}.Debug|x86.ActiveCfg = Debug|Any CPU
		{D3301325-1278-442F-B2B1-FA20A5480AF9}.Debug|x86.Build.0 = Debug|Any CPU
		{D3301325-1278-442F-B2B1-FA20A5480AF9}.Release|Any CPU.ActiveCfg = Release|Any CPU
		{D3301325-1278-442F-B2B1-FA20A5480AF9}.Release|Any CPU.Build.0 = Release|Any CPU
		{D3301325-1278-442F-B2B1-FA20A5480AF9}.Release|ARM64.ActiveCfg = Release|Any CPU
		{D3301325-1278-442F-B2B1-FA20A5480AF9}.Release|ARM64.Build.0 = Release|Any CPU
		{D3301325-1278-442F-B2B1-FA20A5480AF9}.Release|x64.ActiveCfg = Release|Any CPU
		{D3301325-1278-442F-B2B1-FA20A5480AF9}.Release|x64.Build.0 = Release|Any CPU
		{D3301325-1278-442F-B2B1-FA20A5480AF9}.Release|x86.ActiveCfg = Release|Any CPU
		{D3301325-1278-442F-B2B1-FA20A5480AF9}.Release|x86.Build.0 = Release|Any CPU
		{0F0D9C10-2EDD-46C7-AE8E-757D52422D69}.Debug|Any CPU.ActiveCfg = Debug|Any CPU
		{0F0D9C10-2EDD-46C7-AE8E-757D52422D69}.Debug|Any CPU.Build.0 = Debug|Any CPU
		{0F0D9C10-2EDD-46C7-AE8E-757D52422D69}.Debug|ARM64.ActiveCfg = Debug|Any CPU
		{0F0D9C10-2EDD-46C7-AE8E-757D52422D69}.Debug|ARM64.Build.0 = Debug|Any CPU
		{0F0D9C10-2EDD-46C7-AE8E-757D52422D69}.Debug|x64.ActiveCfg = Debug|Any CPU
		{0F0D9C10-2EDD-46C7-AE8E-757D52422D69}.Debug|x64.Build.0 = Debug|Any CPU
		{0F0D9C10-2EDD-46C7-AE8E-757D52422D69}.Debug|x86.ActiveCfg = Debug|Any CPU
		{0F0D9C10-2EDD-46C7-AE8E-757D52422D69}.Debug|x86.Build.0 = Debug|Any CPU
		{0F0D9C10-2EDD-46C7-AE8E-757D52422D69}.Release|Any CPU.ActiveCfg = Release|Any CPU
		{0F0D9C10-2EDD-46C7-AE8E-757D52422D69}.Release|Any CPU.Build.0 = Release|Any CPU
		{0F0D9C10-2EDD-46C7-AE8E-757D52422D69}.Release|ARM64.ActiveCfg = Release|Any CPU
		{0F0D9C10-2EDD-46C7-AE8E-757D52422D69}.Release|ARM64.Build.0 = Release|Any CPU
		{0F0D9C10-2EDD-46C7-AE8E-757D52422D69}.Release|x64.ActiveCfg = Release|Any CPU
		{0F0D9C10-2EDD-46C7-AE8E-757D52422D69}.Release|x64.Build.0 = Release|Any CPU
		{0F0D9C10-2EDD-46C7-AE8E-757D52422D69}.Release|x86.ActiveCfg = Release|Any CPU
		{0F0D9C10-2EDD-46C7-AE8E-757D52422D69}.Release|x86.Build.0 = Release|Any CPU
		{95AD8AE0-7D70-498F-BF85-857ED4256774}.Debug|Any CPU.ActiveCfg = Debug|Any CPU
		{95AD8AE0-7D70-498F-BF85-857ED4256774}.Debug|Any CPU.Build.0 = Debug|Any CPU
		{95AD8AE0-7D70-498F-BF85-857ED4256774}.Debug|ARM64.ActiveCfg = Debug|Any CPU
		{95AD8AE0-7D70-498F-BF85-857ED4256774}.Debug|ARM64.Build.0 = Debug|Any CPU
		{95AD8AE0-7D70-498F-BF85-857ED4256774}.Debug|x64.ActiveCfg = Debug|Any CPU
		{95AD8AE0-7D70-498F-BF85-857ED4256774}.Debug|x64.Build.0 = Debug|Any CPU
		{95AD8AE0-7D70-498F-BF85-857ED4256774}.Debug|x86.ActiveCfg = Debug|Any CPU
		{95AD8AE0-7D70-498F-BF85-857ED4256774}.Debug|x86.Build.0 = Debug|Any CPU
		{95AD8AE0-7D70-498F-BF85-857ED4256774}.Release|Any CPU.ActiveCfg = Release|Any CPU
		{95AD8AE0-7D70-498F-BF85-857ED4256774}.Release|Any CPU.Build.0 = Release|Any CPU
		{95AD8AE0-7D70-498F-BF85-857ED4256774}.Release|ARM64.ActiveCfg = Release|Any CPU
		{95AD8AE0-7D70-498F-BF85-857ED4256774}.Release|ARM64.Build.0 = Release|Any CPU
		{95AD8AE0-7D70-498F-BF85-857ED4256774}.Release|x64.ActiveCfg = Release|Any CPU
		{95AD8AE0-7D70-498F-BF85-857ED4256774}.Release|x64.Build.0 = Release|Any CPU
		{95AD8AE0-7D70-498F-BF85-857ED4256774}.Release|x86.ActiveCfg = Release|Any CPU
		{95AD8AE0-7D70-498F-BF85-857ED4256774}.Release|x86.Build.0 = Release|Any CPU
		{02E999F2-1FB0-48BA-BEEB-560A8F5FF349}.Debug|Any CPU.ActiveCfg = Debug|Any CPU
		{02E999F2-1FB0-48BA-BEEB-560A8F5FF349}.Debug|Any CPU.Build.0 = Debug|Any CPU
		{02E999F2-1FB0-48BA-BEEB-560A8F5FF349}.Debug|ARM64.ActiveCfg = Debug|Any CPU
		{02E999F2-1FB0-48BA-BEEB-560A8F5FF349}.Debug|ARM64.Build.0 = Debug|Any CPU
		{02E999F2-1FB0-48BA-BEEB-560A8F5FF349}.Debug|x64.ActiveCfg = Debug|Any CPU
		{02E999F2-1FB0-48BA-BEEB-560A8F5FF349}.Debug|x64.Build.0 = Debug|Any CPU
		{02E999F2-1FB0-48BA-BEEB-560A8F5FF349}.Debug|x86.ActiveCfg = Debug|Any CPU
		{02E999F2-1FB0-48BA-BEEB-560A8F5FF349}.Debug|x86.Build.0 = Debug|Any CPU
		{02E999F2-1FB0-48BA-BEEB-560A8F5FF349}.Release|Any CPU.ActiveCfg = Release|Any CPU
		{02E999F2-1FB0-48BA-BEEB-560A8F5FF349}.Release|Any CPU.Build.0 = Release|Any CPU
		{02E999F2-1FB0-48BA-BEEB-560A8F5FF349}.Release|ARM64.ActiveCfg = Release|Any CPU
		{02E999F2-1FB0-48BA-BEEB-560A8F5FF349}.Release|ARM64.Build.0 = Release|Any CPU
		{02E999F2-1FB0-48BA-BEEB-560A8F5FF349}.Release|x64.ActiveCfg = Release|Any CPU
		{02E999F2-1FB0-48BA-BEEB-560A8F5FF349}.Release|x64.Build.0 = Release|Any CPU
		{02E999F2-1FB0-48BA-BEEB-560A8F5FF349}.Release|x86.ActiveCfg = Release|Any CPU
		{02E999F2-1FB0-48BA-BEEB-560A8F5FF349}.Release|x86.Build.0 = Release|Any CPU
		{0E37AE9B-8E93-4F65-97A0-376C07EC3F2A}.Debug|Any CPU.ActiveCfg = Debug|Any CPU
		{0E37AE9B-8E93-4F65-97A0-376C07EC3F2A}.Debug|Any CPU.Build.0 = Debug|Any CPU
		{0E37AE9B-8E93-4F65-97A0-376C07EC3F2A}.Debug|ARM64.ActiveCfg = Debug|Any CPU
		{0E37AE9B-8E93-4F65-97A0-376C07EC3F2A}.Debug|ARM64.Build.0 = Debug|Any CPU
		{0E37AE9B-8E93-4F65-97A0-376C07EC3F2A}.Debug|x64.ActiveCfg = Debug|Any CPU
		{0E37AE9B-8E93-4F65-97A0-376C07EC3F2A}.Debug|x64.Build.0 = Debug|Any CPU
		{0E37AE9B-8E93-4F65-97A0-376C07EC3F2A}.Debug|x86.ActiveCfg = Debug|Any CPU
		{0E37AE9B-8E93-4F65-97A0-376C07EC3F2A}.Debug|x86.Build.0 = Debug|Any CPU
		{0E37AE9B-8E93-4F65-97A0-376C07EC3F2A}.Release|Any CPU.ActiveCfg = Release|Any CPU
		{0E37AE9B-8E93-4F65-97A0-376C07EC3F2A}.Release|Any CPU.Build.0 = Release|Any CPU
		{0E37AE9B-8E93-4F65-97A0-376C07EC3F2A}.Release|ARM64.ActiveCfg = Release|Any CPU
		{0E37AE9B-8E93-4F65-97A0-376C07EC3F2A}.Release|ARM64.Build.0 = Release|Any CPU
		{0E37AE9B-8E93-4F65-97A0-376C07EC3F2A}.Release|x64.ActiveCfg = Release|Any CPU
		{0E37AE9B-8E93-4F65-97A0-376C07EC3F2A}.Release|x64.Build.0 = Release|Any CPU
		{0E37AE9B-8E93-4F65-97A0-376C07EC3F2A}.Release|x86.ActiveCfg = Release|Any CPU
		{0E37AE9B-8E93-4F65-97A0-376C07EC3F2A}.Release|x86.Build.0 = Release|Any CPU
		{6571AF2A-69C6-4AAF-8318-41A9251FF04D}.Debug|Any CPU.ActiveCfg = Debug|Any CPU
		{6571AF2A-69C6-4AAF-8318-41A9251FF04D}.Debug|Any CPU.Build.0 = Debug|Any CPU
		{6571AF2A-69C6-4AAF-8318-41A9251FF04D}.Debug|ARM64.ActiveCfg = Debug|Any CPU
		{6571AF2A-69C6-4AAF-8318-41A9251FF04D}.Debug|ARM64.Build.0 = Debug|Any CPU
		{6571AF2A-69C6-4AAF-8318-41A9251FF04D}.Debug|x64.ActiveCfg = Debug|Any CPU
		{6571AF2A-69C6-4AAF-8318-41A9251FF04D}.Debug|x64.Build.0 = Debug|Any CPU
		{6571AF2A-69C6-4AAF-8318-41A9251FF04D}.Debug|x86.ActiveCfg = Debug|Any CPU
		{6571AF2A-69C6-4AAF-8318-41A9251FF04D}.Debug|x86.Build.0 = Debug|Any CPU
		{6571AF2A-69C6-4AAF-8318-41A9251FF04D}.Release|Any CPU.ActiveCfg = Release|Any CPU
		{6571AF2A-69C6-4AAF-8318-41A9251FF04D}.Release|Any CPU.Build.0 = Release|Any CPU
		{6571AF2A-69C6-4AAF-8318-41A9251FF04D}.Release|ARM64.ActiveCfg = Release|Any CPU
		{6571AF2A-69C6-4AAF-8318-41A9251FF04D}.Release|ARM64.Build.0 = Release|Any CPU
		{6571AF2A-69C6-4AAF-8318-41A9251FF04D}.Release|x64.ActiveCfg = Release|Any CPU
		{6571AF2A-69C6-4AAF-8318-41A9251FF04D}.Release|x64.Build.0 = Release|Any CPU
		{6571AF2A-69C6-4AAF-8318-41A9251FF04D}.Release|x86.ActiveCfg = Release|Any CPU
		{6571AF2A-69C6-4AAF-8318-41A9251FF04D}.Release|x86.Build.0 = Release|Any CPU
		{6BEB9CA7-482F-426C-A304-E1CFAC3EB712}.Debug|Any CPU.ActiveCfg = Debug|Any CPU
		{6BEB9CA7-482F-426C-A304-E1CFAC3EB712}.Debug|Any CPU.Build.0 = Debug|Any CPU
		{6BEB9CA7-482F-426C-A304-E1CFAC3EB712}.Debug|ARM64.ActiveCfg = Debug|Any CPU
		{6BEB9CA7-482F-426C-A304-E1CFAC3EB712}.Debug|ARM64.Build.0 = Debug|Any CPU
		{6BEB9CA7-482F-426C-A304-E1CFAC3EB712}.Debug|x64.ActiveCfg = Debug|Any CPU
		{6BEB9CA7-482F-426C-A304-E1CFAC3EB712}.Debug|x64.Build.0 = Debug|Any CPU
		{6BEB9CA7-482F-426C-A304-E1CFAC3EB712}.Debug|x86.ActiveCfg = Debug|Any CPU
		{6BEB9CA7-482F-426C-A304-E1CFAC3EB712}.Debug|x86.Build.0 = Debug|Any CPU
		{6BEB9CA7-482F-426C-A304-E1CFAC3EB712}.Release|Any CPU.ActiveCfg = Release|Any CPU
		{6BEB9CA7-482F-426C-A304-E1CFAC3EB712}.Release|Any CPU.Build.0 = Release|Any CPU
		{6BEB9CA7-482F-426C-A304-E1CFAC3EB712}.Release|ARM64.ActiveCfg = Release|Any CPU
		{6BEB9CA7-482F-426C-A304-E1CFAC3EB712}.Release|ARM64.Build.0 = Release|Any CPU
		{6BEB9CA7-482F-426C-A304-E1CFAC3EB712}.Release|x64.ActiveCfg = Release|Any CPU
		{6BEB9CA7-482F-426C-A304-E1CFAC3EB712}.Release|x64.Build.0 = Release|Any CPU
		{6BEB9CA7-482F-426C-A304-E1CFAC3EB712}.Release|x86.ActiveCfg = Release|Any CPU
		{6BEB9CA7-482F-426C-A304-E1CFAC3EB712}.Release|x86.Build.0 = Release|Any CPU
		{E7383592-18CC-49D3-9BA5-39B77EC53EED}.Debug|Any CPU.ActiveCfg = Debug|Any CPU
		{E7383592-18CC-49D3-9BA5-39B77EC53EED}.Debug|Any CPU.Build.0 = Debug|Any CPU
		{E7383592-18CC-49D3-9BA5-39B77EC53EED}.Debug|ARM64.ActiveCfg = Debug|Any CPU
		{E7383592-18CC-49D3-9BA5-39B77EC53EED}.Debug|ARM64.Build.0 = Debug|Any CPU
		{E7383592-18CC-49D3-9BA5-39B77EC53EED}.Debug|x64.ActiveCfg = Debug|Any CPU
		{E7383592-18CC-49D3-9BA5-39B77EC53EED}.Debug|x64.Build.0 = Debug|Any CPU
		{E7383592-18CC-49D3-9BA5-39B77EC53EED}.Debug|x86.ActiveCfg = Debug|Any CPU
		{E7383592-18CC-49D3-9BA5-39B77EC53EED}.Debug|x86.Build.0 = Debug|Any CPU
		{E7383592-18CC-49D3-9BA5-39B77EC53EED}.Release|Any CPU.ActiveCfg = Release|Any CPU
		{E7383592-18CC-49D3-9BA5-39B77EC53EED}.Release|Any CPU.Build.0 = Release|Any CPU
		{E7383592-18CC-49D3-9BA5-39B77EC53EED}.Release|ARM64.ActiveCfg = Release|Any CPU
		{E7383592-18CC-49D3-9BA5-39B77EC53EED}.Release|ARM64.Build.0 = Release|Any CPU
		{E7383592-18CC-49D3-9BA5-39B77EC53EED}.Release|x64.ActiveCfg = Release|Any CPU
		{E7383592-18CC-49D3-9BA5-39B77EC53EED}.Release|x64.Build.0 = Release|Any CPU
		{E7383592-18CC-49D3-9BA5-39B77EC53EED}.Release|x86.ActiveCfg = Release|Any CPU
		{E7383592-18CC-49D3-9BA5-39B77EC53EED}.Release|x86.Build.0 = Release|Any CPU
		{38B3309E-A9EF-4FF6-9D52-C32B711928DF}.Debug|Any CPU.ActiveCfg = Debug|Any CPU
		{38B3309E-A9EF-4FF6-9D52-C32B711928DF}.Debug|Any CPU.Build.0 = Debug|Any CPU
		{38B3309E-A9EF-4FF6-9D52-C32B711928DF}.Debug|ARM64.ActiveCfg = Debug|Any CPU
		{38B3309E-A9EF-4FF6-9D52-C32B711928DF}.Debug|ARM64.Build.0 = Debug|Any CPU
		{38B3309E-A9EF-4FF6-9D52-C32B711928DF}.Debug|x64.ActiveCfg = Debug|Any CPU
		{38B3309E-A9EF-4FF6-9D52-C32B711928DF}.Debug|x64.Build.0 = Debug|Any CPU
		{38B3309E-A9EF-4FF6-9D52-C32B711928DF}.Debug|x86.ActiveCfg = Debug|Any CPU
		{38B3309E-A9EF-4FF6-9D52-C32B711928DF}.Debug|x86.Build.0 = Debug|Any CPU
		{38B3309E-A9EF-4FF6-9D52-C32B711928DF}.Release|Any CPU.ActiveCfg = Release|Any CPU
		{38B3309E-A9EF-4FF6-9D52-C32B711928DF}.Release|Any CPU.Build.0 = Release|Any CPU
		{38B3309E-A9EF-4FF6-9D52-C32B711928DF}.Release|ARM64.ActiveCfg = Release|Any CPU
		{38B3309E-A9EF-4FF6-9D52-C32B711928DF}.Release|ARM64.Build.0 = Release|Any CPU
		{38B3309E-A9EF-4FF6-9D52-C32B711928DF}.Release|x64.ActiveCfg = Release|Any CPU
		{38B3309E-A9EF-4FF6-9D52-C32B711928DF}.Release|x64.Build.0 = Release|Any CPU
		{38B3309E-A9EF-4FF6-9D52-C32B711928DF}.Release|x86.ActiveCfg = Release|Any CPU
		{38B3309E-A9EF-4FF6-9D52-C32B711928DF}.Release|x86.Build.0 = Release|Any CPU
		{E550BB9C-939E-4BAC-9326-EE92A33DC5EB}.Debug|Any CPU.ActiveCfg = Debug|Any CPU
		{E550BB9C-939E-4BAC-9326-EE92A33DC5EB}.Debug|Any CPU.Build.0 = Debug|Any CPU
		{E550BB9C-939E-4BAC-9326-EE92A33DC5EB}.Debug|ARM64.ActiveCfg = Debug|Any CPU
		{E550BB9C-939E-4BAC-9326-EE92A33DC5EB}.Debug|ARM64.Build.0 = Debug|Any CPU
		{E550BB9C-939E-4BAC-9326-EE92A33DC5EB}.Debug|x64.ActiveCfg = Debug|Any CPU
		{E550BB9C-939E-4BAC-9326-EE92A33DC5EB}.Debug|x64.Build.0 = Debug|Any CPU
		{E550BB9C-939E-4BAC-9326-EE92A33DC5EB}.Debug|x86.ActiveCfg = Debug|Any CPU
		{E550BB9C-939E-4BAC-9326-EE92A33DC5EB}.Debug|x86.Build.0 = Debug|Any CPU
		{E550BB9C-939E-4BAC-9326-EE92A33DC5EB}.Release|Any CPU.ActiveCfg = Release|Any CPU
		{E550BB9C-939E-4BAC-9326-EE92A33DC5EB}.Release|Any CPU.Build.0 = Release|Any CPU
		{E550BB9C-939E-4BAC-9326-EE92A33DC5EB}.Release|ARM64.ActiveCfg = Release|Any CPU
		{E550BB9C-939E-4BAC-9326-EE92A33DC5EB}.Release|ARM64.Build.0 = Release|Any CPU
		{E550BB9C-939E-4BAC-9326-EE92A33DC5EB}.Release|x64.ActiveCfg = Release|Any CPU
		{E550BB9C-939E-4BAC-9326-EE92A33DC5EB}.Release|x64.Build.0 = Release|Any CPU
		{E550BB9C-939E-4BAC-9326-EE92A33DC5EB}.Release|x86.ActiveCfg = Release|Any CPU
		{E550BB9C-939E-4BAC-9326-EE92A33DC5EB}.Release|x86.Build.0 = Release|Any CPU
		{BF21164F-1D83-4FE7-8C62-6E721E11BB3E}.Debug|Any CPU.ActiveCfg = Debug|Any CPU
		{BF21164F-1D83-4FE7-8C62-6E721E11BB3E}.Debug|Any CPU.Build.0 = Debug|Any CPU
		{BF21164F-1D83-4FE7-8C62-6E721E11BB3E}.Debug|ARM64.ActiveCfg = Debug|Any CPU
		{BF21164F-1D83-4FE7-8C62-6E721E11BB3E}.Debug|ARM64.Build.0 = Debug|Any CPU
		{BF21164F-1D83-4FE7-8C62-6E721E11BB3E}.Debug|x64.ActiveCfg = Debug|Any CPU
		{BF21164F-1D83-4FE7-8C62-6E721E11BB3E}.Debug|x64.Build.0 = Debug|Any CPU
		{BF21164F-1D83-4FE7-8C62-6E721E11BB3E}.Debug|x86.ActiveCfg = Debug|Any CPU
		{BF21164F-1D83-4FE7-8C62-6E721E11BB3E}.Debug|x86.Build.0 = Debug|Any CPU
		{BF21164F-1D83-4FE7-8C62-6E721E11BB3E}.Release|Any CPU.ActiveCfg = Release|Any CPU
		{BF21164F-1D83-4FE7-8C62-6E721E11BB3E}.Release|Any CPU.Build.0 = Release|Any CPU
		{BF21164F-1D83-4FE7-8C62-6E721E11BB3E}.Release|ARM64.ActiveCfg = Release|Any CPU
		{BF21164F-1D83-4FE7-8C62-6E721E11BB3E}.Release|ARM64.Build.0 = Release|Any CPU
		{BF21164F-1D83-4FE7-8C62-6E721E11BB3E}.Release|x64.ActiveCfg = Release|Any CPU
		{BF21164F-1D83-4FE7-8C62-6E721E11BB3E}.Release|x64.Build.0 = Release|Any CPU
		{BF21164F-1D83-4FE7-8C62-6E721E11BB3E}.Release|x86.ActiveCfg = Release|Any CPU
		{BF21164F-1D83-4FE7-8C62-6E721E11BB3E}.Release|x86.Build.0 = Release|Any CPU
		{2734842F-0C22-472E-A6FD-D248EAAAB916}.Debug|Any CPU.ActiveCfg = Debug|Any CPU
		{2734842F-0C22-472E-A6FD-D248EAAAB916}.Debug|Any CPU.Build.0 = Debug|Any CPU
		{2734842F-0C22-472E-A6FD-D248EAAAB916}.Debug|ARM64.ActiveCfg = Debug|Any CPU
		{2734842F-0C22-472E-A6FD-D248EAAAB916}.Debug|ARM64.Build.0 = Debug|Any CPU
		{2734842F-0C22-472E-A6FD-D248EAAAB916}.Debug|x64.ActiveCfg = Debug|Any CPU
		{2734842F-0C22-472E-A6FD-D248EAAAB916}.Debug|x64.Build.0 = Debug|Any CPU
		{2734842F-0C22-472E-A6FD-D248EAAAB916}.Debug|x86.ActiveCfg = Debug|Any CPU
		{2734842F-0C22-472E-A6FD-D248EAAAB916}.Debug|x86.Build.0 = Debug|Any CPU
		{2734842F-0C22-472E-A6FD-D248EAAAB916}.Release|Any CPU.ActiveCfg = Release|Any CPU
		{2734842F-0C22-472E-A6FD-D248EAAAB916}.Release|Any CPU.Build.0 = Release|Any CPU
		{2734842F-0C22-472E-A6FD-D248EAAAB916}.Release|ARM64.ActiveCfg = Release|Any CPU
		{2734842F-0C22-472E-A6FD-D248EAAAB916}.Release|ARM64.Build.0 = Release|Any CPU
		{2734842F-0C22-472E-A6FD-D248EAAAB916}.Release|x64.ActiveCfg = Release|Any CPU
		{2734842F-0C22-472E-A6FD-D248EAAAB916}.Release|x64.Build.0 = Release|Any CPU
		{2734842F-0C22-472E-A6FD-D248EAAAB916}.Release|x86.ActiveCfg = Release|Any CPU
		{2734842F-0C22-472E-A6FD-D248EAAAB916}.Release|x86.Build.0 = Release|Any CPU
		{C4F15CCA-632D-4E3D-8ACC-9284D8AC6E8D}.Debug|Any CPU.ActiveCfg = Debug|Any CPU
		{C4F15CCA-632D-4E3D-8ACC-9284D8AC6E8D}.Debug|Any CPU.Build.0 = Debug|Any CPU
		{C4F15CCA-632D-4E3D-8ACC-9284D8AC6E8D}.Debug|ARM64.ActiveCfg = Debug|Any CPU
		{C4F15CCA-632D-4E3D-8ACC-9284D8AC6E8D}.Debug|ARM64.Build.0 = Debug|Any CPU
		{C4F15CCA-632D-4E3D-8ACC-9284D8AC6E8D}.Debug|x64.ActiveCfg = Debug|Any CPU
		{C4F15CCA-632D-4E3D-8ACC-9284D8AC6E8D}.Debug|x64.Build.0 = Debug|Any CPU
		{C4F15CCA-632D-4E3D-8ACC-9284D8AC6E8D}.Debug|x86.ActiveCfg = Debug|Any CPU
		{C4F15CCA-632D-4E3D-8ACC-9284D8AC6E8D}.Debug|x86.Build.0 = Debug|Any CPU
		{C4F15CCA-632D-4E3D-8ACC-9284D8AC6E8D}.Release|Any CPU.ActiveCfg = Release|Any CPU
		{C4F15CCA-632D-4E3D-8ACC-9284D8AC6E8D}.Release|Any CPU.Build.0 = Release|Any CPU
		{C4F15CCA-632D-4E3D-8ACC-9284D8AC6E8D}.Release|ARM64.ActiveCfg = Release|Any CPU
		{C4F15CCA-632D-4E3D-8ACC-9284D8AC6E8D}.Release|ARM64.Build.0 = Release|Any CPU
		{C4F15CCA-632D-4E3D-8ACC-9284D8AC6E8D}.Release|x64.ActiveCfg = Release|Any CPU
		{C4F15CCA-632D-4E3D-8ACC-9284D8AC6E8D}.Release|x64.Build.0 = Release|Any CPU
		{C4F15CCA-632D-4E3D-8ACC-9284D8AC6E8D}.Release|x86.ActiveCfg = Release|Any CPU
		{C4F15CCA-632D-4E3D-8ACC-9284D8AC6E8D}.Release|x86.Build.0 = Release|Any CPU
		{C492D212-9D26-4237-A1E5-2B6E3BFE0A42}.Debug|Any CPU.ActiveCfg = Debug|Any CPU
		{C492D212-9D26-4237-A1E5-2B6E3BFE0A42}.Debug|Any CPU.Build.0 = Debug|Any CPU
		{C492D212-9D26-4237-A1E5-2B6E3BFE0A42}.Debug|ARM64.ActiveCfg = Debug|Any CPU
		{C492D212-9D26-4237-A1E5-2B6E3BFE0A42}.Debug|ARM64.Build.0 = Debug|Any CPU
		{C492D212-9D26-4237-A1E5-2B6E3BFE0A42}.Debug|x64.ActiveCfg = Debug|Any CPU
		{C492D212-9D26-4237-A1E5-2B6E3BFE0A42}.Debug|x64.Build.0 = Debug|Any CPU
		{C492D212-9D26-4237-A1E5-2B6E3BFE0A42}.Debug|x86.ActiveCfg = Debug|Any CPU
		{C492D212-9D26-4237-A1E5-2B6E3BFE0A42}.Debug|x86.Build.0 = Debug|Any CPU
		{C492D212-9D26-4237-A1E5-2B6E3BFE0A42}.Release|Any CPU.ActiveCfg = Release|Any CPU
		{C492D212-9D26-4237-A1E5-2B6E3BFE0A42}.Release|Any CPU.Build.0 = Release|Any CPU
		{C492D212-9D26-4237-A1E5-2B6E3BFE0A42}.Release|ARM64.ActiveCfg = Release|Any CPU
		{C492D212-9D26-4237-A1E5-2B6E3BFE0A42}.Release|ARM64.Build.0 = Release|Any CPU
		{C492D212-9D26-4237-A1E5-2B6E3BFE0A42}.Release|x64.ActiveCfg = Release|Any CPU
		{C492D212-9D26-4237-A1E5-2B6E3BFE0A42}.Release|x64.Build.0 = Release|Any CPU
		{C492D212-9D26-4237-A1E5-2B6E3BFE0A42}.Release|x86.ActiveCfg = Release|Any CPU
		{C492D212-9D26-4237-A1E5-2B6E3BFE0A42}.Release|x86.Build.0 = Release|Any CPU
		{08241DBF-7D16-4357-AB7E-A088C593A5E2}.Debug|Any CPU.ActiveCfg = Debug|Any CPU
		{08241DBF-7D16-4357-AB7E-A088C593A5E2}.Debug|Any CPU.Build.0 = Debug|Any CPU
		{08241DBF-7D16-4357-AB7E-A088C593A5E2}.Debug|ARM64.ActiveCfg = Debug|Any CPU
		{08241DBF-7D16-4357-AB7E-A088C593A5E2}.Debug|ARM64.Build.0 = Debug|Any CPU
		{08241DBF-7D16-4357-AB7E-A088C593A5E2}.Debug|x64.ActiveCfg = Debug|Any CPU
		{08241DBF-7D16-4357-AB7E-A088C593A5E2}.Debug|x64.Build.0 = Debug|Any CPU
		{08241DBF-7D16-4357-AB7E-A088C593A5E2}.Debug|x86.ActiveCfg = Debug|Any CPU
		{08241DBF-7D16-4357-AB7E-A088C593A5E2}.Debug|x86.Build.0 = Debug|Any CPU
		{08241DBF-7D16-4357-AB7E-A088C593A5E2}.Release|Any CPU.ActiveCfg = Release|Any CPU
		{08241DBF-7D16-4357-AB7E-A088C593A5E2}.Release|Any CPU.Build.0 = Release|Any CPU
		{08241DBF-7D16-4357-AB7E-A088C593A5E2}.Release|ARM64.ActiveCfg = Release|Any CPU
		{08241DBF-7D16-4357-AB7E-A088C593A5E2}.Release|ARM64.Build.0 = Release|Any CPU
		{08241DBF-7D16-4357-AB7E-A088C593A5E2}.Release|x64.ActiveCfg = Release|Any CPU
		{08241DBF-7D16-4357-AB7E-A088C593A5E2}.Release|x64.Build.0 = Release|Any CPU
		{08241DBF-7D16-4357-AB7E-A088C593A5E2}.Release|x86.ActiveCfg = Release|Any CPU
		{08241DBF-7D16-4357-AB7E-A088C593A5E2}.Release|x86.Build.0 = Release|Any CPU
		{C7CF509C-F4ED-40CD-BD02-DCE268A13FE6}.Debug|Any CPU.ActiveCfg = Debug|Any CPU
		{C7CF509C-F4ED-40CD-BD02-DCE268A13FE6}.Debug|Any CPU.Build.0 = Debug|Any CPU
		{C7CF509C-F4ED-40CD-BD02-DCE268A13FE6}.Debug|ARM64.ActiveCfg = Debug|Any CPU
		{C7CF509C-F4ED-40CD-BD02-DCE268A13FE6}.Debug|ARM64.Build.0 = Debug|Any CPU
		{C7CF509C-F4ED-40CD-BD02-DCE268A13FE6}.Debug|x64.ActiveCfg = Debug|Any CPU
		{C7CF509C-F4ED-40CD-BD02-DCE268A13FE6}.Debug|x64.Build.0 = Debug|Any CPU
		{C7CF509C-F4ED-40CD-BD02-DCE268A13FE6}.Debug|x86.ActiveCfg = Debug|Any CPU
		{C7CF509C-F4ED-40CD-BD02-DCE268A13FE6}.Debug|x86.Build.0 = Debug|Any CPU
		{C7CF509C-F4ED-40CD-BD02-DCE268A13FE6}.Release|Any CPU.ActiveCfg = Release|Any CPU
		{C7CF509C-F4ED-40CD-BD02-DCE268A13FE6}.Release|Any CPU.Build.0 = Release|Any CPU
		{C7CF509C-F4ED-40CD-BD02-DCE268A13FE6}.Release|ARM64.ActiveCfg = Release|Any CPU
		{C7CF509C-F4ED-40CD-BD02-DCE268A13FE6}.Release|ARM64.Build.0 = Release|Any CPU
		{C7CF509C-F4ED-40CD-BD02-DCE268A13FE6}.Release|x64.ActiveCfg = Release|Any CPU
		{C7CF509C-F4ED-40CD-BD02-DCE268A13FE6}.Release|x64.Build.0 = Release|Any CPU
		{C7CF509C-F4ED-40CD-BD02-DCE268A13FE6}.Release|x86.ActiveCfg = Release|Any CPU
		{C7CF509C-F4ED-40CD-BD02-DCE268A13FE6}.Release|x86.Build.0 = Release|Any CPU
		{58CED45C-030A-4734-89DE-D687F959790F}.Debug|Any CPU.ActiveCfg = Debug|Any CPU
		{58CED45C-030A-4734-89DE-D687F959790F}.Debug|Any CPU.Build.0 = Debug|Any CPU
		{58CED45C-030A-4734-89DE-D687F959790F}.Debug|ARM64.ActiveCfg = Debug|Any CPU
		{58CED45C-030A-4734-89DE-D687F959790F}.Debug|ARM64.Build.0 = Debug|Any CPU
		{58CED45C-030A-4734-89DE-D687F959790F}.Debug|x64.ActiveCfg = Debug|Any CPU
		{58CED45C-030A-4734-89DE-D687F959790F}.Debug|x64.Build.0 = Debug|Any CPU
		{58CED45C-030A-4734-89DE-D687F959790F}.Debug|x86.ActiveCfg = Debug|Any CPU
		{58CED45C-030A-4734-89DE-D687F959790F}.Debug|x86.Build.0 = Debug|Any CPU
		{58CED45C-030A-4734-89DE-D687F959790F}.Release|Any CPU.ActiveCfg = Release|Any CPU
		{58CED45C-030A-4734-89DE-D687F959790F}.Release|Any CPU.Build.0 = Release|Any CPU
		{58CED45C-030A-4734-89DE-D687F959790F}.Release|ARM64.ActiveCfg = Release|Any CPU
		{58CED45C-030A-4734-89DE-D687F959790F}.Release|ARM64.Build.0 = Release|Any CPU
		{58CED45C-030A-4734-89DE-D687F959790F}.Release|x64.ActiveCfg = Release|Any CPU
		{58CED45C-030A-4734-89DE-D687F959790F}.Release|x64.Build.0 = Release|Any CPU
		{58CED45C-030A-4734-89DE-D687F959790F}.Release|x86.ActiveCfg = Release|Any CPU
		{58CED45C-030A-4734-89DE-D687F959790F}.Release|x86.Build.0 = Release|Any CPU
		{AB702596-B9D9-4A17-A5FF-0044147E373B}.Debug|Any CPU.ActiveCfg = Debug|Any CPU
		{AB702596-B9D9-4A17-A5FF-0044147E373B}.Debug|Any CPU.Build.0 = Debug|Any CPU
		{AB702596-B9D9-4A17-A5FF-0044147E373B}.Debug|ARM64.ActiveCfg = Debug|Any CPU
		{AB702596-B9D9-4A17-A5FF-0044147E373B}.Debug|ARM64.Build.0 = Debug|Any CPU
		{AB702596-B9D9-4A17-A5FF-0044147E373B}.Debug|x64.ActiveCfg = Debug|Any CPU
		{AB702596-B9D9-4A17-A5FF-0044147E373B}.Debug|x64.Build.0 = Debug|Any CPU
		{AB702596-B9D9-4A17-A5FF-0044147E373B}.Debug|x86.ActiveCfg = Debug|Any CPU
		{AB702596-B9D9-4A17-A5FF-0044147E373B}.Debug|x86.Build.0 = Debug|Any CPU
		{AB702596-B9D9-4A17-A5FF-0044147E373B}.Release|Any CPU.ActiveCfg = Release|Any CPU
		{AB702596-B9D9-4A17-A5FF-0044147E373B}.Release|Any CPU.Build.0 = Release|Any CPU
		{AB702596-B9D9-4A17-A5FF-0044147E373B}.Release|ARM64.ActiveCfg = Release|Any CPU
		{AB702596-B9D9-4A17-A5FF-0044147E373B}.Release|ARM64.Build.0 = Release|Any CPU
		{AB702596-B9D9-4A17-A5FF-0044147E373B}.Release|x64.ActiveCfg = Release|Any CPU
		{AB702596-B9D9-4A17-A5FF-0044147E373B}.Release|x64.Build.0 = Release|Any CPU
		{AB702596-B9D9-4A17-A5FF-0044147E373B}.Release|x86.ActiveCfg = Release|Any CPU
		{AB702596-B9D9-4A17-A5FF-0044147E373B}.Release|x86.Build.0 = Release|Any CPU
		{103397A6-F6C3-4258-8502-2FDCD46C09E6}.Debug|Any CPU.ActiveCfg = Debug|Any CPU
		{103397A6-F6C3-4258-8502-2FDCD46C09E6}.Debug|Any CPU.Build.0 = Debug|Any CPU
		{103397A6-F6C3-4258-8502-2FDCD46C09E6}.Debug|ARM64.ActiveCfg = Debug|Any CPU
		{103397A6-F6C3-4258-8502-2FDCD46C09E6}.Debug|ARM64.Build.0 = Debug|Any CPU
		{103397A6-F6C3-4258-8502-2FDCD46C09E6}.Debug|x64.ActiveCfg = Debug|Any CPU
		{103397A6-F6C3-4258-8502-2FDCD46C09E6}.Debug|x64.Build.0 = Debug|Any CPU
		{103397A6-F6C3-4258-8502-2FDCD46C09E6}.Debug|x86.ActiveCfg = Debug|Any CPU
		{103397A6-F6C3-4258-8502-2FDCD46C09E6}.Debug|x86.Build.0 = Debug|Any CPU
		{103397A6-F6C3-4258-8502-2FDCD46C09E6}.Release|Any CPU.ActiveCfg = Release|Any CPU
		{103397A6-F6C3-4258-8502-2FDCD46C09E6}.Release|Any CPU.Build.0 = Release|Any CPU
		{103397A6-F6C3-4258-8502-2FDCD46C09E6}.Release|ARM64.ActiveCfg = Release|Any CPU
		{103397A6-F6C3-4258-8502-2FDCD46C09E6}.Release|ARM64.Build.0 = Release|Any CPU
		{103397A6-F6C3-4258-8502-2FDCD46C09E6}.Release|x64.ActiveCfg = Release|Any CPU
		{103397A6-F6C3-4258-8502-2FDCD46C09E6}.Release|x64.Build.0 = Release|Any CPU
		{103397A6-F6C3-4258-8502-2FDCD46C09E6}.Release|x86.ActiveCfg = Release|Any CPU
		{103397A6-F6C3-4258-8502-2FDCD46C09E6}.Release|x86.Build.0 = Release|Any CPU
		{9298152D-E2A0-4B5E-8562-B48AD3B23AB1}.Debug|Any CPU.ActiveCfg = Debug|Any CPU
		{9298152D-E2A0-4B5E-8562-B48AD3B23AB1}.Debug|Any CPU.Build.0 = Debug|Any CPU
		{9298152D-E2A0-4B5E-8562-B48AD3B23AB1}.Debug|ARM64.ActiveCfg = Debug|Any CPU
		{9298152D-E2A0-4B5E-8562-B48AD3B23AB1}.Debug|ARM64.Build.0 = Debug|Any CPU
		{9298152D-E2A0-4B5E-8562-B48AD3B23AB1}.Debug|x64.ActiveCfg = Debug|Any CPU
		{9298152D-E2A0-4B5E-8562-B48AD3B23AB1}.Debug|x64.Build.0 = Debug|Any CPU
		{9298152D-E2A0-4B5E-8562-B48AD3B23AB1}.Debug|x86.ActiveCfg = Debug|Any CPU
		{9298152D-E2A0-4B5E-8562-B48AD3B23AB1}.Debug|x86.Build.0 = Debug|Any CPU
		{9298152D-E2A0-4B5E-8562-B48AD3B23AB1}.Release|Any CPU.ActiveCfg = Release|Any CPU
		{9298152D-E2A0-4B5E-8562-B48AD3B23AB1}.Release|Any CPU.Build.0 = Release|Any CPU
		{9298152D-E2A0-4B5E-8562-B48AD3B23AB1}.Release|ARM64.ActiveCfg = Release|Any CPU
		{9298152D-E2A0-4B5E-8562-B48AD3B23AB1}.Release|ARM64.Build.0 = Release|Any CPU
		{9298152D-E2A0-4B5E-8562-B48AD3B23AB1}.Release|x64.ActiveCfg = Release|Any CPU
		{9298152D-E2A0-4B5E-8562-B48AD3B23AB1}.Release|x64.Build.0 = Release|Any CPU
		{9298152D-E2A0-4B5E-8562-B48AD3B23AB1}.Release|x86.ActiveCfg = Release|Any CPU
		{9298152D-E2A0-4B5E-8562-B48AD3B23AB1}.Release|x86.Build.0 = Release|Any CPU
		{30D21F20-02D2-4CFD-8509-3B13A2B911CD}.Debug|Any CPU.ActiveCfg = Debug|Any CPU
		{30D21F20-02D2-4CFD-8509-3B13A2B911CD}.Debug|Any CPU.Build.0 = Debug|Any CPU
		{30D21F20-02D2-4CFD-8509-3B13A2B911CD}.Debug|ARM64.ActiveCfg = Debug|Any CPU
		{30D21F20-02D2-4CFD-8509-3B13A2B911CD}.Debug|ARM64.Build.0 = Debug|Any CPU
		{30D21F20-02D2-4CFD-8509-3B13A2B911CD}.Debug|x64.ActiveCfg = Debug|Any CPU
		{30D21F20-02D2-4CFD-8509-3B13A2B911CD}.Debug|x64.Build.0 = Debug|Any CPU
		{30D21F20-02D2-4CFD-8509-3B13A2B911CD}.Debug|x86.ActiveCfg = Debug|Any CPU
		{30D21F20-02D2-4CFD-8509-3B13A2B911CD}.Debug|x86.Build.0 = Debug|Any CPU
		{30D21F20-02D2-4CFD-8509-3B13A2B911CD}.Release|Any CPU.ActiveCfg = Release|Any CPU
		{30D21F20-02D2-4CFD-8509-3B13A2B911CD}.Release|Any CPU.Build.0 = Release|Any CPU
		{30D21F20-02D2-4CFD-8509-3B13A2B911CD}.Release|ARM64.ActiveCfg = Release|Any CPU
		{30D21F20-02D2-4CFD-8509-3B13A2B911CD}.Release|ARM64.Build.0 = Release|Any CPU
		{30D21F20-02D2-4CFD-8509-3B13A2B911CD}.Release|x64.ActiveCfg = Release|Any CPU
		{30D21F20-02D2-4CFD-8509-3B13A2B911CD}.Release|x64.Build.0 = Release|Any CPU
		{30D21F20-02D2-4CFD-8509-3B13A2B911CD}.Release|x86.ActiveCfg = Release|Any CPU
		{30D21F20-02D2-4CFD-8509-3B13A2B911CD}.Release|x86.Build.0 = Release|Any CPU
		{7FEB55E4-F4B8-4165-BFD3-B4195C4995DF}.Debug|Any CPU.ActiveCfg = Debug|Any CPU
		{7FEB55E4-F4B8-4165-BFD3-B4195C4995DF}.Debug|Any CPU.Build.0 = Debug|Any CPU
		{7FEB55E4-F4B8-4165-BFD3-B4195C4995DF}.Debug|ARM64.ActiveCfg = Debug|Any CPU
		{7FEB55E4-F4B8-4165-BFD3-B4195C4995DF}.Debug|ARM64.Build.0 = Debug|Any CPU
		{7FEB55E4-F4B8-4165-BFD3-B4195C4995DF}.Debug|x64.ActiveCfg = Debug|Any CPU
		{7FEB55E4-F4B8-4165-BFD3-B4195C4995DF}.Debug|x64.Build.0 = Debug|Any CPU
		{7FEB55E4-F4B8-4165-BFD3-B4195C4995DF}.Debug|x86.ActiveCfg = Debug|Any CPU
		{7FEB55E4-F4B8-4165-BFD3-B4195C4995DF}.Debug|x86.Build.0 = Debug|Any CPU
		{7FEB55E4-F4B8-4165-BFD3-B4195C4995DF}.Release|Any CPU.ActiveCfg = Release|Any CPU
		{7FEB55E4-F4B8-4165-BFD3-B4195C4995DF}.Release|Any CPU.Build.0 = Release|Any CPU
		{7FEB55E4-F4B8-4165-BFD3-B4195C4995DF}.Release|ARM64.ActiveCfg = Release|Any CPU
		{7FEB55E4-F4B8-4165-BFD3-B4195C4995DF}.Release|ARM64.Build.0 = Release|Any CPU
		{7FEB55E4-F4B8-4165-BFD3-B4195C4995DF}.Release|x64.ActiveCfg = Release|Any CPU
		{7FEB55E4-F4B8-4165-BFD3-B4195C4995DF}.Release|x64.Build.0 = Release|Any CPU
		{7FEB55E4-F4B8-4165-BFD3-B4195C4995DF}.Release|x86.ActiveCfg = Release|Any CPU
		{7FEB55E4-F4B8-4165-BFD3-B4195C4995DF}.Release|x86.Build.0 = Release|Any CPU
	EndGlobalSection
	GlobalSection(SolutionProperties) = preSolution
		HideSolutionNode = FALSE
	EndGlobalSection
	GlobalSection(NestedProjects) = preSolution
		{FBDB7720-DE54-4EFE-8E35-3A32244D235A} = {E808DCC6-2AF3-4CAE-207E-4627369C923B}
		{3CF450EF-496F-4835-8558-F30DACA6491C} = {E808DCC6-2AF3-4CAE-207E-4627369C923B}
		{1C142592-AB28-4FE1-ACFF-FA93563B8856} = {E808DCC6-2AF3-4CAE-207E-4627369C923B}
		{D3301325-1278-442F-B2B1-FA20A5480AF9} = {E808DCC6-2AF3-4CAE-207E-4627369C923B}
		{0F0D9C10-2EDD-46C7-AE8E-757D52422D69} = {E808DCC6-2AF3-4CAE-207E-4627369C923B}
		{95AD8AE0-7D70-498F-BF85-857ED4256774} = {E808DCC6-2AF3-4CAE-207E-4627369C923B}
		{02E999F2-1FB0-48BA-BEEB-560A8F5FF349} = {E808DCC6-2AF3-4CAE-207E-4627369C923B}
		{0E37AE9B-8E93-4F65-97A0-376C07EC3F2A} = {E808DCC6-2AF3-4CAE-207E-4627369C923B}
		{6571AF2A-69C6-4AAF-8318-41A9251FF04D} = {E808DCC6-2AF3-4CAE-207E-4627369C923B}
		{6BEB9CA7-482F-426C-A304-E1CFAC3EB712} = {E808DCC6-2AF3-4CAE-207E-4627369C923B}
		{E7383592-18CC-49D3-9BA5-39B77EC53EED} = {E808DCC6-2AF3-4CAE-207E-4627369C923B}
		{38B3309E-A9EF-4FF6-9D52-C32B711928DF} = {E808DCC6-2AF3-4CAE-207E-4627369C923B}
		{E550BB9C-939E-4BAC-9326-EE92A33DC5EB} = {E808DCC6-2AF3-4CAE-207E-4627369C923B}
		{BF21164F-1D83-4FE7-8C62-6E721E11BB3E} = {0AB3BF05-4346-4AA6-1389-037BE0695223}
		{2734842F-0C22-472E-A6FD-D248EAAAB916} = {E808DCC6-2AF3-4CAE-207E-4627369C923B}
		{C4F15CCA-632D-4E3D-8ACC-9284D8AC6E8D} = {0AB3BF05-4346-4AA6-1389-037BE0695223}
		{C492D212-9D26-4237-A1E5-2B6E3BFE0A42} = {0AB3BF05-4346-4AA6-1389-037BE0695223}
		{08241DBF-7D16-4357-AB7E-A088C593A5E2} = {CA253913-39DE-BFD0-C9A3-4B7EC6FBDF17}
		{C7CF509C-F4ED-40CD-BD02-DCE268A13FE6} = {CA253913-39DE-BFD0-C9A3-4B7EC6FBDF17}
		{58CED45C-030A-4734-89DE-D687F959790F} = {CA253913-39DE-BFD0-C9A3-4B7EC6FBDF17}
		{AB702596-B9D9-4A17-A5FF-0044147E373B} = {CA253913-39DE-BFD0-C9A3-4B7EC6FBDF17}
		{103397A6-F6C3-4258-8502-2FDCD46C09E6} = {CA253913-39DE-BFD0-C9A3-4B7EC6FBDF17}
		{9298152D-E2A0-4B5E-8562-B48AD3B23AB1} = {0AB3BF05-4346-4AA6-1389-037BE0695223}
		{30D21F20-02D2-4CFD-8509-3B13A2B911CD} = {0AB3BF05-4346-4AA6-1389-037BE0695223}
		{7FEB55E4-F4B8-4165-BFD3-B4195C4995DF} = {0AB3BF05-4346-4AA6-1389-037BE0695223}
	EndGlobalSection
	GlobalSection(ExtensibilityGlobals) = postSolution
		SolutionGuid = {0D5D78D6-3072-424D-A304-01A7641D75C0}
	EndGlobalSection
EndGlobal
